// !$*UTF8*$!
{
	archiveVersion = 1;
	classes = {
	};
	objectVersion = 46;
	objects = {

/* Begin PBXBuildFile section */
		B90129B01CC776BD003623C6 /* PianoController.swift in Sources */ = {isa = PBXBuildFile; fileRef = B90129AF1CC776BD003623C6 /* PianoController.swift */; };
		B91B8F771CBAD2930067BA83 /* AppDelegate.swift in Sources */ = {isa = PBXBuildFile; fileRef = B91B8F761CBAD2930067BA83 /* AppDelegate.swift */; };
		B91B8F791CBAD2930067BA83 /* ViewController.swift in Sources */ = {isa = PBXBuildFile; fileRef = B91B8F781CBAD2930067BA83 /* ViewController.swift */; };
		B91B8F7C1CBAD2930067BA83 /* Main.storyboard in Resources */ = {isa = PBXBuildFile; fileRef = B91B8F7A1CBAD2930067BA83 /* Main.storyboard */; };
		B91B8F7E1CBAD2930067BA83 /* Assets.xcassets in Resources */ = {isa = PBXBuildFile; fileRef = B91B8F7D1CBAD2930067BA83 /* Assets.xcassets */; };
		B91B8F811CBAD2930067BA83 /* LaunchScreen.storyboard in Resources */ = {isa = PBXBuildFile; fileRef = B91B8F7F1CBAD2930067BA83 /* LaunchScreen.storyboard */; };
		B91B8F8B1CBAD33C0067BA83 /* PianoModel.swift in Sources */ = {isa = PBXBuildFile; fileRef = B91B8F881CBAD33C0067BA83 /* PianoModel.swift */; };
		B91B8F8C1CBAD33C0067BA83 /* PianoView.swift in Sources */ = {isa = PBXBuildFile; fileRef = B91B8F891CBAD33C0067BA83 /* PianoView.swift */; };
		B98037901CDA4B8000073996 /* OctaveControl.swift in Sources */ = {isa = PBXBuildFile; fileRef = B980378F1CDA4B8000073996 /* OctaveControl.swift */; };
/* End PBXBuildFile section */

/* Begin PBXFileReference section */
		B90129AF1CC776BD003623C6 /* PianoController.swift */ = {isa = PBXFileReference; fileEncoding = 4; lastKnownFileType = sourcecode.swift; path = PianoController.swift; sourceTree = "<group>"; };
		B91B8F731CBAD2920067BA83 /* Piano View.app */ = {isa = PBXFileReference; explicitFileType = wrapper.application; includeInIndex = 0; path = "Piano View.app"; sourceTree = BUILT_PRODUCTS_DIR; };
		B91B8F761CBAD2930067BA83 /* AppDelegate.swift */ = {isa = PBXFileReference; lastKnownFileType = sourcecode.swift; path = AppDelegate.swift; sourceTree = "<group>"; };
		B91B8F781CBAD2930067BA83 /* ViewController.swift */ = {isa = PBXFileReference; lastKnownFileType = sourcecode.swift; path = ViewController.swift; sourceTree = "<group>"; };
		B91B8F7B1CBAD2930067BA83 /* Base */ = {isa = PBXFileReference; lastKnownFileType = file.storyboard; name = Base; path = Base.lproj/Main.storyboard; sourceTree = "<group>"; };
		B91B8F7D1CBAD2930067BA83 /* Assets.xcassets */ = {isa = PBXFileReference; lastKnownFileType = folder.assetcatalog; path = Assets.xcassets; sourceTree = "<group>"; };
		B91B8F801CBAD2930067BA83 /* Base */ = {isa = PBXFileReference; lastKnownFileType = file.storyboard; name = Base; path = Base.lproj/LaunchScreen.storyboard; sourceTree = "<group>"; };
		B91B8F821CBAD2930067BA83 /* Info.plist */ = {isa = PBXFileReference; lastKnownFileType = text.plist.xml; path = Info.plist; sourceTree = "<group>"; };
		B91B8F881CBAD33C0067BA83 /* PianoModel.swift */ = {isa = PBXFileReference; fileEncoding = 4; lastKnownFileType = sourcecode.swift; path = PianoModel.swift; sourceTree = "<group>"; };
		B91B8F891CBAD33C0067BA83 /* PianoView.swift */ = {isa = PBXFileReference; fileEncoding = 4; lastKnownFileType = sourcecode.swift; path = PianoView.swift; sourceTree = "<group>"; };
		B980378F1CDA4B8000073996 /* OctaveControl.swift */ = {isa = PBXFileReference; fileEncoding = 4; lastKnownFileType = sourcecode.swift; path = OctaveControl.swift; sourceTree = "<group>"; };
/* End PBXFileReference section */

/* Begin PBXFrameworksBuildPhase section */
		B91B8F701CBAD2920067BA83 /* Frameworks */ = {
			isa = PBXFrameworksBuildPhase;
			buildActionMask = 2147483647;
			files = (
			);
			runOnlyForDeploymentPostprocessing = 0;
		};
/* End PBXFrameworksBuildPhase section */

/* Begin PBXGroup section */
		B91B8F6A1CBAD2920067BA83 = {
			isa = PBXGroup;
			children = (
				B91B8F751CBAD2930067BA83 /* Piano View */,
				B91B8F741CBAD2920067BA83 /* Products */,
			);
			sourceTree = "<group>";
		};
		B91B8F741CBAD2920067BA83 /* Products */ = {
			isa = PBXGroup;
			children = (
				B91B8F731CBAD2920067BA83 /* Piano View.app */,
			);
			name = Products;
			sourceTree = "<group>";
		};
		B91B8F751CBAD2930067BA83 /* Piano View */ = {
			isa = PBXGroup;
			children = (
				B91B8F761CBAD2930067BA83 /* AppDelegate.swift */,
				B91B8F781CBAD2930067BA83 /* ViewController.swift */,
				B91B8F8E1CBAD3480067BA83 /* Piano */,
				B91B8F7A1CBAD2930067BA83 /* Main.storyboard */,
				B91B8F7D1CBAD2930067BA83 /* Assets.xcassets */,
				B91B8F7F1CBAD2930067BA83 /* LaunchScreen.storyboard */,
				B91B8F821CBAD2930067BA83 /* Info.plist */,
			);
			path = "Piano View";
			sourceTree = "<group>";
		};
		B91B8F8E1CBAD3480067BA83 /* Piano */ = {
			isa = PBXGroup;
			children = (
				B91B8F881CBAD33C0067BA83 /* PianoModel.swift */,
				B91B8F891CBAD33C0067BA83 /* PianoView.swift */,
				B90129AF1CC776BD003623C6 /* PianoController.swift */,
				B980378F1CDA4B8000073996 /* OctaveControl.swift */,
			);
			name = Piano;
			sourceTree = "<group>";
		};
/* End PBXGroup section */

/* Begin PBXNativeTarget section */
		B91B8F721CBAD2920067BA83 /* Piano View */ = {
			isa = PBXNativeTarget;
			buildConfigurationList = B91B8F851CBAD2930067BA83 /* Build configuration list for PBXNativeTarget "Piano View" */;
			buildPhases = (
				B91B8F6F1CBAD2920067BA83 /* Sources */,
				B91B8F701CBAD2920067BA83 /* Frameworks */,
				B91B8F711CBAD2920067BA83 /* Resources */,
			);
			buildRules = (
			);
			dependencies = (
			);
			name = "Piano View";
			productName = "Piano View";
			productReference = B91B8F731CBAD2920067BA83 /* Piano View.app */;
			productType = "com.apple.product-type.application";
		};
/* End PBXNativeTarget section */

/* Begin PBXProject section */
		B91B8F6B1CBAD2920067BA83 /* Project object */ = {
			isa = PBXProject;
			attributes = {
				LastSwiftUpdateCheck = 0730;
				LastUpgradeCheck = 0730;
				ORGANIZATIONNAME = "Lennart Wisbar";
				TargetAttributes = {
					B91B8F721CBAD2920067BA83 = {
						CreatedOnToolsVersion = 7.3;
						DevelopmentTeam = 9SPL76B3GR;
						LastSwiftMigration = 0820;
					};
				};
			};
			buildConfigurationList = B91B8F6E1CBAD2920067BA83 /* Build configuration list for PBXProject "Piano View" */;
			compatibilityVersion = "Xcode 3.2";
			developmentRegion = English;
			hasScannedForEncodings = 0;
			knownRegions = (
				en,
				Base,
			);
			mainGroup = B91B8F6A1CBAD2920067BA83;
			productRefGroup = B91B8F741CBAD2920067BA83 /* Products */;
			projectDirPath = "";
			projectRoot = "";
			targets = (
				B91B8F721CBAD2920067BA83 /* Piano View */,
			);
		};
/* End PBXProject section */

/* Begin PBXResourcesBuildPhase section */
		B91B8F711CBAD2920067BA83 /* Resources */ = {
			isa = PBXResourcesBuildPhase;
			buildActionMask = 2147483647;
			files = (
				B91B8F811CBAD2930067BA83 /* LaunchScreen.storyboard in Resources */,
				B91B8F7E1CBAD2930067BA83 /* Assets.xcassets in Resources */,
				B91B8F7C1CBAD2930067BA83 /* Main.storyboard in Resources */,
			);
			runOnlyForDeploymentPostprocessing = 0;
		};
/* End PBXResourcesBuildPhase section */

/* Begin PBXSourcesBuildPhase section */
		B91B8F6F1CBAD2920067BA83 /* Sources */ = {
			isa = PBXSourcesBuildPhase;
			buildActionMask = 2147483647;
			files = (
				B91B8F791CBAD2930067BA83 /* ViewController.swift in Sources */,
				B91B8F8C1CBAD33C0067BA83 /* PianoView.swift in Sources */,
				B90129B01CC776BD003623C6 /* PianoController.swift in Sources */,
				B91B8F771CBAD2930067BA83 /* AppDelegate.swift in Sources */,
				B91B8F8B1CBAD33C0067BA83 /* PianoModel.swift in Sources */,
				B98037901CDA4B8000073996 /* OctaveControl.swift in Sources */,
			);
			runOnlyForDeploymentPostprocessing = 0;
		};
/* End PBXSourcesBuildPhase section */

/* Begin PBXVariantGroup section */
		B91B8F7A1CBAD2930067BA83 /* Main.storyboard */ = {
			isa = PBXVariantGroup;
			children = (
				B91B8F7B1CBAD2930067BA83 /* Base */,
			);
			name = Main.storyboard;
			sourceTree = "<group>";
		};
		B91B8F7F1CBAD2930067BA83 /* LaunchScreen.storyboard */ = {
			isa = PBXVariantGroup;
			children = (
				B91B8F801CBAD2930067BA83 /* Base */,
			);
			name = LaunchScreen.storyboard;
			sourceTree = "<group>";
		};
/* End PBXVariantGroup section */

/* Begin XCBuildConfiguration section */
		B91B8F831CBAD2930067BA83 /* Debug */ = {
			isa = XCBuildConfiguration;
			buildSettings = {
				ALWAYS_SEARCH_USER_PATHS = NO;
				CLANG_ANALYZER_NONNULL = YES;
				CLANG_CXX_LANGUAGE_STANDARD = "gnu++0x";
				CLANG_CXX_LIBRARY = "libc++";
				CLANG_ENABLE_MODULES = YES;
				CLANG_ENABLE_OBJC_ARC = YES;
				CLANG_WARN_BOOL_CONVERSION = YES;
				CLANG_WARN_CONSTANT_CONVERSION = YES;
				CLANG_WARN_DIRECT_OBJC_ISA_USAGE = YES_ERROR;
				CLANG_WARN_EMPTY_BODY = YES;
				CLANG_WARN_ENUM_CONVERSION = YES;
				CLANG_WARN_INT_CONVERSION = YES;
				CLANG_WARN_OBJC_ROOT_CLASS = YES_ERROR;
				CLANG_WARN_UNREACHABLE_CODE = YES;
				CLANG_WARN__DUPLICATE_METHOD_MATCH = YES;
				"CODE_SIGN_IDENTITY[sdk=iphoneos*]" = "iPhone Developer";
				COPY_PHASE_STRIP = NO;
				DEBUG_INFORMATION_FORMAT = dwarf;
				ENABLE_STRICT_OBJC_MSGSEND = YES;
				ENABLE_TESTABILITY = YES;
				GCC_C_LANGUAGE_STANDARD = gnu99;
				GCC_DYNAMIC_NO_PIC = NO;
				GCC_NO_COMMON_BLOCKS = YES;
				GCC_OPTIMIZATION_LEVEL = 0;
				GCC_PREPROCESSOR_DEFINITIONS = (
					"DEBUG=1",
					"$(inherited)",
				);
				GCC_WARN_64_TO_32_BIT_CONVERSION = YES;
				GCC_WARN_ABOUT_RETURN_TYPE = YES_ERROR;
				GCC_WARN_UNDECLARED_SELECTOR = YES;
				GCC_WARN_UNINITIALIZED_AUTOS = YES_AGGRESSIVE;
				GCC_WARN_UNUSED_FUNCTION = YES;
				GCC_WARN_UNUSED_VARIABLE = YES;
				IPHONEOS_DEPLOYMENT_TARGET = 9.3;
				MTL_ENABLE_DEBUG_INFO = YES;
				ONLY_ACTIVE_ARCH = YES;
				SDKROOT = iphoneos;
				SWIFT_OPTIMIZATION_LEVEL = "-Onone";
				TARGETED_DEVICE_FAMILY = "1,2";
			};
			name = Debug;
		};
		B91B8F841CBAD2930067BA83 /* Release */ = {
			isa = XCBuildConfiguration;
			buildSettings = {
				ALWAYS_SEARCH_USER_PATHS = NO;
				CLANG_ANALYZER_NONNULL = YES;
				CLANG_CXX_LANGUAGE_STANDARD = "gnu++0x";
				CLANG_CXX_LIBRARY = "libc++";
				CLANG_ENABLE_MODULES = YES;
				CLANG_ENABLE_OBJC_ARC = YES;
				CLANG_WARN_BOOL_CONVERSION = YES;
				CLANG_WARN_CONSTANT_CONVERSION = YES;
				CLANG_WARN_DIRECT_OBJC_ISA_USAGE = YES_ERROR;
				CLANG_WARN_EMPTY_BODY = YES;
				CLANG_WARN_ENUM_CONVERSION = YES;
				CLANG_WARN_INT_CONVERSION = YES;
				CLANG_WARN_OBJC_ROOT_CLASS = YES_ERROR;
				CLANG_WARN_UNREACHABLE_CODE = YES;
				CLANG_WARN__DUPLICATE_METHOD_MATCH = YES;
				"CODE_SIGN_IDENTITY[sdk=iphoneos*]" = "iPhone Developer";
				COPY_PHASE_STRIP = NO;
				DEBUG_INFORMATION_FORMAT = "dwarf-with-dsym";
				ENABLE_NS_ASSERTIONS = NO;
				ENABLE_STRICT_OBJC_MSGSEND = YES;
				GCC_C_LANGUAGE_STANDARD = gnu99;
				GCC_NO_COMMON_BLOCKS = YES;
				GCC_WARN_64_TO_32_BIT_CONVERSION = YES;
				GCC_WARN_ABOUT_RETURN_TYPE = YES_ERROR;
				GCC_WARN_UNDECLARED_SELECTOR = YES;
				GCC_WARN_UNINITIALIZED_AUTOS = YES_AGGRESSIVE;
				GCC_WARN_UNUSED_FUNCTION = YES;
				GCC_WARN_UNUSED_VARIABLE = YES;
				IPHONEOS_DEPLOYMENT_TARGET = 9.3;
				MTL_ENABLE_DEBUG_INFO = NO;
				SDKROOT = iphoneos;
				TARGETED_DEVICE_FAMILY = "1,2";
				VALIDATE_PRODUCT = YES;
			};
			name = Release;
		};
		B91B8F861CBAD2930067BA83 /* Debug */ = {
			isa = XCBuildConfiguration;
			buildSettings = {
				ASSETCATALOG_COMPILER_APPICON_NAME = AppIcon;
				INFOPLIST_FILE = "Piano View/Info.plist";
				LD_RUNPATH_SEARCH_PATHS = "$(inherited) @executable_path/Frameworks";
				PRODUCT_BUNDLE_IDENTIFIER = "de.lennartwisbar.Piano-View";
				PRODUCT_NAME = "$(TARGET_NAME)";
				SWIFT_VERSION = 3.0;
			};
			name = Debug;
		};
		B91B8F871CBAD2930067BA83 /* Release */ = {
			isa = XCBuildConfiguration;
			buildSettings = {
				ASSETCATALOG_COMPILER_APPICON_NAME = AppIcon;
				INFOPLIST_FILE = "Piano View/Info.plist";
				LD_RUNPATH_SEARCH_PATHS = "$(inherited) @executable_path/Frameworks";
				PRODUCT_BUNDLE_IDENTIFIER = "de.lennartwisbar.Piano-View";
				PRODUCT_NAME = "$(TARGET_NAME)";
				SWIFT_VERSION = 3.0;
			};
			name = Release;
		};
/* End XCBuildConfiguration section */

/* Begin XCConfigurationList section */
		B91B8F6E1CBAD2920067BA83 /* Build configuration list for PBXProject "Piano View" */ = {
			isa = XCConfigurationList;
			buildConfigurations = (
				B91B8F831CBAD2930067BA83 /* Debug */,
				B91B8F841CBAD2930067BA83 /* Release */,
			);
			defaultConfigurationIsVisible = 0;
			defaultConfigurationName = Release;
		};
		B91B8F851CBAD2930067BA83 /* Build configuration list for PBXNativeTarget "Piano View" */ = {
			isa = XCConfigurationList;
			buildConfigurations = (
				B91B8F861CBAD2930067BA83 /* Debug */,
				B91B8F871CBAD2930067BA83 /* Release */,
			);
			defaultConfigurationIsVisible = 0;
			defaultConfigurationName = Release;
		};
/* End XCConfigurationList section */
	};
	rootObject = B91B8F6B1CBAD2920067BA83 /* Project object */;
}
